
Microsoft Visual Studio Solution File, Format Version 12.00
# Visual Studio 15
VisualStudioVersion = 15.0.28010.2050
MinimumVisualStudioVersion = 10.0.40219.1
Project("{FAE04EC0-301F-11D3-BF4B-00C04F79EFBC}") = "CarsAPI2ndCommit", "CarsAPI2ndCommit\CarsAPI2ndCommit.csproj", "{ECEDD877-7713-4497-97AF-970B3BB1CFDE}"
EndProject
Project("{FAE04EC0-301F-11D3-BF4B-00C04F79EFBC}") = "CarDataAccess", "CarDataAccess\CarDataAccess.csproj", "{F2340FD7-6E9E-4811-A7E3-15504DDC6F50}"
EndProject
Global
	GlobalSection(SolutionConfigurationPlatforms) = preSolution
		Debug|Any CPU = Debug|Any CPU
		Release|Any CPU = Release|Any CPU
	EndGlobalSection
	GlobalSection(ProjectConfigurationPlatforms) = postSolution
		{ECEDD877-7713-4497-97AF-970B3BB1CFDE}.Debug|Any CPU.ActiveCfg = Debug|Any CPU
		{ECEDD877-7713-4497-97AF-970B3BB1CFDE}.Debug|Any CPU.Build.0 = Debug|Any CPU
		{ECEDD877-7713-4497-97AF-970B3BB1CFDE}.Release|Any CPU.ActiveCfg = Release|Any CPU
		{ECEDD877-7713-4497-97AF-970B3BB1CFDE}.Release|Any CPU.Build.0 = Release|Any CPU
		{F2340FD7-6E9E-4811-A7E3-15504DDC6F50}.Debug|Any CPU.ActiveCfg = Debug|Any CPU
		{F2340FD7-6E9E-4811-A7E3-15504DDC6F50}.Debug|Any CPU.Build.0 = Debug|Any CPU
		{F2340FD7-6E9E-4811-A7E3-15504DDC6F50}.Release|Any CPU.ActiveCfg = Release|Any CPU
		{F2340FD7-6E9E-4811-A7E3-15504DDC6F50}.Release|Any CPU.Build.0 = Release|Any CPU
	EndGlobalSection
	GlobalSection(SolutionProperties) = preSolution
		HideSolutionNode = FALSE
	EndGlobalSection
	GlobalSection(ExtensibilityGlobals) = postSolution
		SolutionGuid = {59BAFE32-DCC1-460A-8973-2A07A427FB49}
	EndGlobalSection
EndGlobal
